{
  "originHash" : "8fe065b63b735aa6c97a189b242ec50a2c5b25a1c175b956566e5ac310aedd19",
  "pins" : [
    {
      "identity" : "snap-core",
      "kind" : "remoteSourceControl",
      "location" : "https://github.com/simonnickel/snap-core",
      "state" : {
        "branch" : "main-xc16",
        "revision" : "4c8edf1dad56cc66a38644a9f31d8310ba8ddecc"
      }
    },
    {
      "identity" : "snap-matching-navigation",
      "kind" : "remoteSourceControl",
      "location" : "https://github.com/simonnickel/snap-matching-navigation",
      "state" : {
        "branch" : "main-xc16",
        "revision" : "09c6c24a0f44323dcbba49ab5cea92e845f829c2"
      }
    },
    {
      "identity" : "snap-settings-service",
      "kind" : "remoteSourceControl",
      "location" : "https://github.com/simonnickel/snap-settings-service",
      "state" : {
        "branch" : "main-xc16",
        "revision" : "a4a76107d1a39948dd11e9de666aa301efd6fcf2"
      }
    },
    {
      "identity" : "snap-template-shared",
      "kind" : "remoteSourceControl",
      "location" : "https://github.com/simonnickel/snap-template-shared.git",
      "state" : {
        "branch" : "main-xc16",
        "revision" : "90efe27359c7dcb4553e9827217a63874b099060"
      }
    },
    {
      "identity" : "snap-theme",
      "kind" : "remoteSourceControl",
      "location" : "https://github.com/simonnickel/snap-theme",
      "state" : {
        "branch" : "main-xc16",
        "revision" : "1ded4bb9fed2d8c793b08d377ed1dba072878df5"
      }
    }
  ],
  "version" : 3
}
