{
  "originHash" : "a04283a6b5096f35a8df17b9f397e5f7db9c912debb3bf61ea810d4df94d8fb0",
  "pins" : [
    {
      "identity" : "snap-core",
      "kind" : "remoteSourceControl",
      "location" : "https://github.com/simonnickel/snap-core",
      "state" : {
        "branch" : "main",
        "revision" : "f1dc2e740961f5607c0271bc13ce6d56f00eff20"
      }
    },
    {
      "identity" : "snap-foundation",
      "kind" : "remoteSourceControl",
      "location" : "https://github.com/simonnickel/snap-foundation.git",
      "state" : {
        "branch" : "main",
        "revision" : "cb8215eddb71ab7af8d60c333e73ed720fdd92d7"
      }
    },
    {
      "identity" : "snap-matching-navigation",
      "kind" : "remoteSourceControl",
      "location" : "https://github.com/simonnickel/snap-matching-navigation.git",
      "state" : {
        "branch" : "main",
        "revision" : "84cecc1b825d8d4a058fe9eb3e40bf6ebee63ce5"
      }
    },
    {
      "identity" : "snap-navigation",
      "kind" : "remoteSourceControl",
      "location" : "https://github.com/simonnickel/snap-navigation",
      "state" : {
        "branch" : "main",
        "revision" : "e714d8f38a4c704361eb362d0142a490f410ae53"
      }
    },
    {
      "identity" : "snap-settings-service",
      "kind" : "remoteSourceControl",
      "location" : "https://github.com/simonnickel/snap-settings-service",
      "state" : {
        "branch" : "main",
        "revision" : "a35bba11b85370f54c2a536532c40c3af65d1d43"
      }
    },
    {
      "identity" : "snap-theme",
      "kind" : "remoteSourceControl",
      "location" : "https://github.com/simonnickel/snap-theme",
      "state" : {
        "branch" : "main",
        "revision" : "88f40defbb3a197f6b200e7f82e44c4770c5ff2f"
      }
    }
  ],
  "version" : 3
}
