{
  "originHash" : "909093ede8fd99ec800d07f9f7681eb9bb6ec7afb1ed414aba7b951495f27f40",
  "pins" : [
    {
      "identity" : "snap-core",
      "kind" : "remoteSourceControl",
      "location" : "https://github.com/simonnickel/snap-core",
      "state" : {
        "branch" : "main",
        "revision" : "87337c88da2fda8ff9e8b57fe7b84acaa3555a98"
      }
    },
    {
      "identity" : "snap-matching-navigation",
      "kind" : "remoteSourceControl",
      "location" : "https://github.com/simonnickel/snap-matching-navigation",
      "state" : {
        "branch" : "main",
        "revision" : "84cecc1b825d8d4a058fe9eb3e40bf6ebee63ce5"
      }
    },
    {
      "identity" : "snap-navigation",
      "kind" : "remoteSourceControl",
      "location" : "https://github.com/simonnickel/snap-navigation",
      "state" : {
        "branch" : "main",
        "revision" : "5784eae72e05d5e47b2d2b6d1646d261f70c84ea"
      }
    },
    {
      "identity" : "snap-settings-service",
      "kind" : "remoteSourceControl",
      "location" : "https://github.com/simonnickel/snap-settings-service",
      "state" : {
        "branch" : "main",
        "revision" : "e2234e0f6172aa9a0317045ab1f1c0df3d6ee873"
      }
    },
    {
      "identity" : "snap-template-shared",
      "kind" : "remoteSourceControl",
      "location" : "https://github.com/simonnickel/snap-template-shared.git",
      "state" : {
        "branch" : "main",
        "revision" : "549da4e8abc12ac5548e16e91b4213a6b467a5e3"
      }
    },
    {
      "identity" : "snap-theme",
      "kind" : "remoteSourceControl",
      "location" : "https://github.com/simonnickel/snap-theme",
      "state" : {
        "branch" : "main",
        "revision" : "88f40defbb3a197f6b200e7f82e44c4770c5ff2f"
      }
    }
  ],
  "version" : 3
}
